
Microsoft Visual Studio Solution File, Format Version 12.00
# Visual Studio Version 17
VisualStudioVersion = 17.11.35222.181
MinimumVisualStudioVersion = 10.0.40219.1
Project("{FAE04EC0-301F-11D3-BF4B-00C04F79EFBC}") = "Sales_Management", "Sales_Management.csproj", "{CA52DA79-F033-43BF-A17E-F65FAC150790}"
EndProject
Global
	GlobalSection(SolutionConfigurationPlatforms) = preSolution
		Debug|Any CPU = Debug|Any CPU
		Release|Any CPU = Release|Any CPU
	EndGlobalSection
	GlobalSection(ProjectConfigurationPlatforms) = postSolution
		{CA52DA79-F033-43BF-A17E-F65FAC150790}.Debug|Any CPU.ActiveCfg = Debug|Any CPU
		{CA52DA79-F033-43BF-A17E-F65FAC150790}.Debug|Any CPU.Build.0 = Debug|Any CPU
		{CA52DA79-F033-43BF-A17E-F65FAC150790}.Release|Any CPU.ActiveCfg = Release|Any CPU
		{CA52DA79-F033-43BF-A17E-F65FAC150790}.Release|Any CPU.Build.0 = Release|Any CPU
	EndGlobalSection
	GlobalSection(SolutionProperties) = preSolution
		HideSolutionNode = FALSE
	EndGlobalSection
	GlobalSection(ExtensibilityGlobals) = postSolution
		SolutionGuid = {30500B82-A649-4324-AD55-D19B1E3977BA}
	EndGlobalSection
EndGlobal
